// !$*UTF8*$!
{
	archiveVersion = 1;
	classes = {
	};
	objectVersion = 50;
	objects = {

/* Begin PBXBuildFile section */
		1E9085EEC076C500338D4069 /* Pods_WhalesAppIOSTests.framework in Frameworks */ = {isa = PBXBuildFile; fileRef = AFCABB9D27C2C08FAA499254 /* Pods_WhalesAppIOSTests.framework */; };
		25D8EA725D889549852D6E68 /* Pods_WhalesAppIOS.framework in Frameworks */ = {isa = PBXBuildFile; fileRef = AC2CF0B7BC13D573DAC5053B /* Pods_WhalesAppIOS.framework */; };
		855E9564209E3931005E3060 /* DateValueFormatter.swift in Sources */ = {isa = PBXBuildFile; fileRef = 855E9563209E3931005E3060 /* DateValueFormatter.swift */; };
		85DADA07209CE20E0068ADD4 /* ConnectionToServer.swift in Sources */ = {isa = PBXBuildFile; fileRef = 85DADA06209CE20E0068ADD4 /* ConnectionToServer.swift */; };
		85DADA09209CEDA30068ADD4 /* DbConnection.swift in Sources */ = {isa = PBXBuildFile; fileRef = 85DADA08209CEDA30068ADD4 /* DbConnection.swift */; };
		85DF5348209CD8EC00958667 /* AppDelegate.swift in Sources */ = {isa = PBXBuildFile; fileRef = 85DF5347209CD8EC00958667 /* AppDelegate.swift */; };
		85DF534A209CD8EC00958667 /* MainScreenViewController.swift in Sources */ = {isa = PBXBuildFile; fileRef = 85DF5349209CD8EC00958667 /* MainScreenViewController.swift */; };
		85DF534D209CD8EC00958667 /* Main.storyboard in Resources */ = {isa = PBXBuildFile; fileRef = 85DF534B209CD8EC00958667 /* Main.storyboard */; };
		85DF534F209CD8ED00958667 /* Assets.xcassets in Resources */ = {isa = PBXBuildFile; fileRef = 85DF534E209CD8ED00958667 /* Assets.xcassets */; };
		85DF5352209CD8ED00958667 /* LaunchScreen.storyboard in Resources */ = {isa = PBXBuildFile; fileRef = 85DF5350209CD8ED00958667 /* LaunchScreen.storyboard */; };
		85DF535D209CD8EE00958667 /* WhalesAppIOSTests.swift in Sources */ = {isa = PBXBuildFile; fileRef = 85DF535C209CD8EE00958667 /* WhalesAppIOSTests.swift */; };
		85DF5368209CD8EE00958667 /* WhalesAppIOSUITests.swift in Sources */ = {isa = PBXBuildFile; fileRef = 85DF5367209CD8EE00958667 /* WhalesAppIOSUITests.swift */; };
		85E9A0E6209D017D00D04393 /* Extensions.swift in Sources */ = {isa = PBXBuildFile; fileRef = 85E9A0E5209D017D00D04393 /* Extensions.swift */; };
		85E9A0E8209D33B100D04393 /* Errors.swift in Sources */ = {isa = PBXBuildFile; fileRef = 85E9A0E7209D33B100D04393 /* Errors.swift */; };
		85E9A0EA209E140400D04393 /* ExploreDataViewController.swift in Sources */ = {isa = PBXBuildFile; fileRef = 85E9A0E9209E140400D04393 /* ExploreDataViewController.swift */; };
		AEC3B5FF150EE6DB4442FB1D /* Pods_WhalesAppIOSUITests.framework in Frameworks */ = {isa = PBXBuildFile; fileRef = 2590B64D46B5D96ED5E2E2D1 /* Pods_WhalesAppIOSUITests.framework */; };
/* End PBXBuildFile section */

/* Begin PBXContainerItemProxy section */
		85DF5359209CD8EE00958667 /* PBXContainerItemProxy */ = {
			isa = PBXContainerItemProxy;
			containerPortal = 85DF533C209CD8EC00958667 /* Project object */;
			proxyType = 1;
			remoteGlobalIDString = 85DF5343209CD8EC00958667;
			remoteInfo = WhalesAppIOS;
		};
		85DF5364209CD8EE00958667 /* PBXContainerItemProxy */ = {
			isa = PBXContainerItemProxy;
			containerPortal = 85DF533C209CD8EC00958667 /* Project object */;
			proxyType = 1;
			remoteGlobalIDString = 85DF5343209CD8EC00958667;
			remoteInfo = WhalesAppIOS;
		};
/* End PBXContainerItemProxy section */

/* Begin PBXFileReference section */
		0429A34364A46DD7E31D8D93 /* Pods-WhalesAppIOSTests.release.xcconfig */ = {isa = PBXFileReference; includeInIndex = 1; lastKnownFileType = text.xcconfig; name = "Pods-WhalesAppIOSTests.release.xcconfig"; path = "Pods/Target Support Files/Pods-WhalesAppIOSTests/Pods-WhalesAppIOSTests.release.xcconfig"; sourceTree = "<group>"; };
		2590B64D46B5D96ED5E2E2D1 /* Pods_WhalesAppIOSUITests.framework */ = {isa = PBXFileReference; explicitFileType = wrapper.framework; includeInIndex = 0; path = Pods_WhalesAppIOSUITests.framework; sourceTree = BUILT_PRODUCTS_DIR; };
		855E9563209E3931005E3060 /* DateValueFormatter.swift */ = {isa = PBXFileReference; lastKnownFileType = sourcecode.swift; path = DateValueFormatter.swift; sourceTree = "<group>"; };
		85DADA06209CE20E0068ADD4 /* ConnectionToServer.swift */ = {isa = PBXFileReference; lastKnownFileType = sourcecode.swift; path = ConnectionToServer.swift; sourceTree = "<group>"; };
		85DADA08209CEDA30068ADD4 /* DbConnection.swift */ = {isa = PBXFileReference; lastKnownFileType = sourcecode.swift; path = DbConnection.swift; sourceTree = "<group>"; };
		85DF5344209CD8EC00958667 /* WhalesAppIOS.app */ = {isa = PBXFileReference; explicitFileType = wrapper.application; includeInIndex = 0; path = WhalesAppIOS.app; sourceTree = BUILT_PRODUCTS_DIR; };
		85DF5347209CD8EC00958667 /* AppDelegate.swift */ = {isa = PBXFileReference; lastKnownFileType = sourcecode.swift; path = AppDelegate.swift; sourceTree = "<group>"; };
		85DF5349209CD8EC00958667 /* MainScreenViewController.swift */ = {isa = PBXFileReference; lastKnownFileType = sourcecode.swift; path = MainScreenViewController.swift; sourceTree = "<group>"; };
		85DF534C209CD8EC00958667 /* Base */ = {isa = PBXFileReference; lastKnownFileType = file.storyboard; name = Base; path = Base.lproj/Main.storyboard; sourceTree = "<group>"; };
		85DF534E209CD8ED00958667 /* Assets.xcassets */ = {isa = PBXFileReference; lastKnownFileType = folder.assetcatalog; path = Assets.xcassets; sourceTree = "<group>"; };
		85DF5351209CD8ED00958667 /* Base */ = {isa = PBXFileReference; lastKnownFileType = file.storyboard; name = Base; path = Base.lproj/LaunchScreen.storyboard; sourceTree = "<group>"; };
		85DF5353209CD8ED00958667 /* Info.plist */ = {isa = PBXFileReference; lastKnownFileType = text.plist.xml; path = Info.plist; sourceTree = "<group>"; };
		85DF5358209CD8EE00958667 /* WhalesAppIOSTests.xctest */ = {isa = PBXFileReference; explicitFileType = wrapper.cfbundle; includeInIndex = 0; path = WhalesAppIOSTests.xctest; sourceTree = BUILT_PRODUCTS_DIR; };
		85DF535C209CD8EE00958667 /* WhalesAppIOSTests.swift */ = {isa = PBXFileReference; lastKnownFileType = sourcecode.swift; path = WhalesAppIOSTests.swift; sourceTree = "<group>"; };
		85DF535E209CD8EE00958667 /* Info.plist */ = {isa = PBXFileReference; lastKnownFileType = text.plist.xml; path = Info.plist; sourceTree = "<group>"; };
		85DF5363209CD8EE00958667 /* WhalesAppIOSUITests.xctest */ = {isa = PBXFileReference; explicitFileType = wrapper.cfbundle; includeInIndex = 0; path = WhalesAppIOSUITests.xctest; sourceTree = BUILT_PRODUCTS_DIR; };
		85DF5367209CD8EE00958667 /* WhalesAppIOSUITests.swift */ = {isa = PBXFileReference; lastKnownFileType = sourcecode.swift; path = WhalesAppIOSUITests.swift; sourceTree = "<group>"; };
		85DF5369209CD8EE00958667 /* Info.plist */ = {isa = PBXFileReference; lastKnownFileType = text.plist.xml; path = Info.plist; sourceTree = "<group>"; };
		85E9A0E5209D017D00D04393 /* Extensions.swift */ = {isa = PBXFileReference; lastKnownFileType = sourcecode.swift; path = Extensions.swift; sourceTree = "<group>"; };
		85E9A0E7209D33B100D04393 /* Errors.swift */ = {isa = PBXFileReference; lastKnownFileType = sourcecode.swift; path = Errors.swift; sourceTree = "<group>"; };
		85E9A0E9209E140400D04393 /* ExploreDataViewController.swift */ = {isa = PBXFileReference; lastKnownFileType = sourcecode.swift; path = ExploreDataViewController.swift; sourceTree = "<group>"; };
		96E106027A590110C4C2A8F5 /* Pods-WhalesAppIOSTests.debug.xcconfig */ = {isa = PBXFileReference; includeInIndex = 1; lastKnownFileType = text.xcconfig; name = "Pods-WhalesAppIOSTests.debug.xcconfig"; path = "Pods/Target Support Files/Pods-WhalesAppIOSTests/Pods-WhalesAppIOSTests.debug.xcconfig"; sourceTree = "<group>"; };
		9A94B9C1F89CD65AEE9072AD /* Pods-WhalesAppIOSUITests.debug.xcconfig */ = {isa = PBXFileReference; includeInIndex = 1; lastKnownFileType = text.xcconfig; name = "Pods-WhalesAppIOSUITests.debug.xcconfig"; path = "Pods/Target Support Files/Pods-WhalesAppIOSUITests/Pods-WhalesAppIOSUITests.debug.xcconfig"; sourceTree = "<group>"; };
		A12AEE01B3546F4B9825B101 /* Pods-WhalesAppIOS.release.xcconfig */ = {isa = PBXFileReference; includeInIndex = 1; lastKnownFileType = text.xcconfig; name = "Pods-WhalesAppIOS.release.xcconfig"; path = "Pods/Target Support Files/Pods-WhalesAppIOS/Pods-WhalesAppIOS.release.xcconfig"; sourceTree = "<group>"; };
		AC2CF0B7BC13D573DAC5053B /* Pods_WhalesAppIOS.framework */ = {isa = PBXFileReference; explicitFileType = wrapper.framework; includeInIndex = 0; path = Pods_WhalesAppIOS.framework; sourceTree = BUILT_PRODUCTS_DIR; };
		AFCABB9D27C2C08FAA499254 /* Pods_WhalesAppIOSTests.framework */ = {isa = PBXFileReference; explicitFileType = wrapper.framework; includeInIndex = 0; path = Pods_WhalesAppIOSTests.framework; sourceTree = BUILT_PRODUCTS_DIR; };
		AFEB976EC1EA62604961A362 /* Pods-WhalesAppIOSUITests.release.xcconfig */ = {isa = PBXFileReference; includeInIndex = 1; lastKnownFileType = text.xcconfig; name = "Pods-WhalesAppIOSUITests.release.xcconfig"; path = "Pods/Target Support Files/Pods-WhalesAppIOSUITests/Pods-WhalesAppIOSUITests.release.xcconfig"; sourceTree = "<group>"; };
		FB23FCEC49EBF19522B9E916 /* Pods-WhalesAppIOS.debug.xcconfig */ = {isa = PBXFileReference; includeInIndex = 1; lastKnownFileType = text.xcconfig; name = "Pods-WhalesAppIOS.debug.xcconfig"; path = "Pods/Target Support Files/Pods-WhalesAppIOS/Pods-WhalesAppIOS.debug.xcconfig"; sourceTree = "<group>"; };
/* End PBXFileReference section */

/* Begin PBXFrameworksBuildPhase section */
		85DF5341209CD8EC00958667 /* Frameworks */ = {
			isa = PBXFrameworksBuildPhase;
			buildActionMask = 2147483647;
			files = (
				25D8EA725D889549852D6E68 /* Pods_WhalesAppIOS.framework in Frameworks */,
			);
			runOnlyForDeploymentPostprocessing = 0;
		};
		85DF5355209CD8EE00958667 /* Frameworks */ = {
			isa = PBXFrameworksBuildPhase;
			buildActionMask = 2147483647;
			files = (
				1E9085EEC076C500338D4069 /* Pods_WhalesAppIOSTests.framework in Frameworks */,
			);
			runOnlyForDeploymentPostprocessing = 0;
		};
		85DF5360209CD8EE00958667 /* Frameworks */ = {
			isa = PBXFrameworksBuildPhase;
			buildActionMask = 2147483647;
			files = (
				AEC3B5FF150EE6DB4442FB1D /* Pods_WhalesAppIOSUITests.framework in Frameworks */,
			);
			runOnlyForDeploymentPostprocessing = 0;
		};
/* End PBXFrameworksBuildPhase section */

/* Begin PBXGroup section */
		67CD8F10D4AF7F098FC03534 /* Frameworks */ = {
			isa = PBXGroup;
			children = (
				AC2CF0B7BC13D573DAC5053B /* Pods_WhalesAppIOS.framework */,
				AFCABB9D27C2C08FAA499254 /* Pods_WhalesAppIOSTests.framework */,
				2590B64D46B5D96ED5E2E2D1 /* Pods_WhalesAppIOSUITests.framework */,
			);
			name = Frameworks;
			sourceTree = "<group>";
		};
		855E9562209E3918005E3060 /* Formatters */ = {
			isa = PBXGroup;
			children = (
				855E9563209E3931005E3060 /* DateValueFormatter.swift */,
			);
			path = Formatters;
			sourceTree = "<group>";
		};
		85DF533B209CD8EC00958667 = {
			isa = PBXGroup;
			children = (
				85DF5346209CD8EC00958667 /* WhalesAppIOS */,
				85DF535B209CD8EE00958667 /* WhalesAppIOSTests */,
				85DF5366209CD8EE00958667 /* WhalesAppIOSUITests */,
				85DF5345209CD8EC00958667 /* Products */,
				9C7A97EABACDBBA3B0D0BC4F /* Pods */,
				67CD8F10D4AF7F098FC03534 /* Frameworks */,
			);
			sourceTree = "<group>";
		};
		85DF5345209CD8EC00958667 /* Products */ = {
			isa = PBXGroup;
			children = (
				85DF5344209CD8EC00958667 /* WhalesAppIOS.app */,
				85DF5358209CD8EE00958667 /* WhalesAppIOSTests.xctest */,
				85DF5363209CD8EE00958667 /* WhalesAppIOSUITests.xctest */,
			);
			name = Products;
			sourceTree = "<group>";
		};
		85DF5346209CD8EC00958667 /* WhalesAppIOS */ = {
			isa = PBXGroup;
			children = (
				85DF537A209CDAF900958667 /* Ressources */,
				85DF5379209CDAEB00958667 /* Stores */,
				85DF5378209CDADD00958667 /* Controllers */,
				85DF5377209CDAD500958667 /* Views */,
				85DF5375209CDAC000958667 /* Models */,
				85DF5347209CD8EC00958667 /* AppDelegate.swift */,
				85DF534B209CD8EC00958667 /* Main.storyboard */,
				85DF5350209CD8ED00958667 /* LaunchScreen.storyboard */,
				85DF5353209CD8ED00958667 /* Info.plist */,
			);
			path = WhalesAppIOS;
			sourceTree = "<group>";
		};
		85DF535B209CD8EE00958667 /* WhalesAppIOSTests */ = {
			isa = PBXGroup;
			children = (
				85DF535C209CD8EE00958667 /* WhalesAppIOSTests.swift */,
				85DF535E209CD8EE00958667 /* Info.plist */,
			);
			path = WhalesAppIOSTests;
			sourceTree = "<group>";
		};
		85DF5366209CD8EE00958667 /* WhalesAppIOSUITests */ = {
			isa = PBXGroup;
			children = (
				85DF5367209CD8EE00958667 /* WhalesAppIOSUITests.swift */,
				85DF5369209CD8EE00958667 /* Info.plist */,
			);
			path = WhalesAppIOSUITests;
			sourceTree = "<group>";
		};
		85DF5375209CDAC000958667 /* Models */ = {
			isa = PBXGroup;
			children = (
				85DADA06209CE20E0068ADD4 /* ConnectionToServer.swift */,
			);
			path = Models;
			sourceTree = "<group>";
		};
		85DF5377209CDAD500958667 /* Views */ = {
			isa = PBXGroup;
			children = (
			);
			path = Views;
			sourceTree = "<group>";
		};
		85DF5378209CDADD00958667 /* Controllers */ = {
			isa = PBXGroup;
			children = (
				85DF5349209CD8EC00958667 /* MainScreenViewController.swift */,
				85E9A0E9209E140400D04393 /* ExploreDataViewController.swift */,
			);
			path = Controllers;
			sourceTree = "<group>";
		};
		85DF5379209CDAEB00958667 /* Stores */ = {
			isa = PBXGroup;
			children = (
				85DADA08209CEDA30068ADD4 /* DbConnection.swift */,
			);
			path = Stores;
			sourceTree = "<group>";
		};
		85DF537A209CDAF900958667 /* Ressources */ = {
			isa = PBXGroup;
			children = (
				855E9562209E3918005E3060 /* Formatters */,
				85DF534E209CD8ED00958667 /* Assets.xcassets */,
				85E9A0E5209D017D00D04393 /* Extensions.swift */,
				85E9A0E7209D33B100D04393 /* Errors.swift */,
			);
			path = Ressources;
			sourceTree = "<group>";
		};
		9C7A97EABACDBBA3B0D0BC4F /* Pods */ = {
			isa = PBXGroup;
			children = (
				FB23FCEC49EBF19522B9E916 /* Pods-WhalesAppIOS.debug.xcconfig */,
				A12AEE01B3546F4B9825B101 /* Pods-WhalesAppIOS.release.xcconfig */,
				96E106027A590110C4C2A8F5 /* Pods-WhalesAppIOSTests.debug.xcconfig */,
				0429A34364A46DD7E31D8D93 /* Pods-WhalesAppIOSTests.release.xcconfig */,
				9A94B9C1F89CD65AEE9072AD /* Pods-WhalesAppIOSUITests.debug.xcconfig */,
				AFEB976EC1EA62604961A362 /* Pods-WhalesAppIOSUITests.release.xcconfig */,
			);
			name = Pods;
			sourceTree = "<group>";
		};
/* End PBXGroup section */

/* Begin PBXNativeTarget section */
		85DF5343209CD8EC00958667 /* WhalesAppIOS */ = {
			isa = PBXNativeTarget;
			buildConfigurationList = 85DF536C209CD8EE00958667 /* Build configuration list for PBXNativeTarget "WhalesAppIOS" */;
			buildPhases = (
				7E720A1DD68E61AAB9C0A455 /* [CP] Check Pods Manifest.lock */,
				85DF5340209CD8EC00958667 /* Sources */,
				85DF5341209CD8EC00958667 /* Frameworks */,
				85DF5342209CD8EC00958667 /* Resources */,
				5753DB532A28DB6EECE4B982 /* [CP] Embed Pods Frameworks */,
			);
			buildRules = (
			);
			dependencies = (
			);
			name = WhalesAppIOS;
			productName = WhalesAppIOS;
			productReference = 85DF5344209CD8EC00958667 /* WhalesAppIOS.app */;
			productType = "com.apple.product-type.application";
		};
		85DF5357209CD8EE00958667 /* WhalesAppIOSTests */ = {
			isa = PBXNativeTarget;
			buildConfigurationList = 85DF536F209CD8EE00958667 /* Build configuration list for PBXNativeTarget "WhalesAppIOSTests" */;
			buildPhases = (
				DF9947BE8886C4043013FE84 /* [CP] Check Pods Manifest.lock */,
				85DF5354209CD8EE00958667 /* Sources */,
				85DF5355209CD8EE00958667 /* Frameworks */,
				85DF5356209CD8EE00958667 /* Resources */,
			);
			buildRules = (
			);
			dependencies = (
				85DF535A209CD8EE00958667 /* PBXTargetDependency */,
			);
			name = WhalesAppIOSTests;
			productName = WhalesAppIOSTests;
			productReference = 85DF5358209CD8EE00958667 /* WhalesAppIOSTests.xctest */;
			productType = "com.apple.product-type.bundle.unit-test";
		};
		85DF5362209CD8EE00958667 /* WhalesAppIOSUITests */ = {
			isa = PBXNativeTarget;
			buildConfigurationList = 85DF5372209CD8EE00958667 /* Build configuration list for PBXNativeTarget "WhalesAppIOSUITests" */;
			buildPhases = (
				17084F58387E06BAF0D1E6F0 /* [CP] Check Pods Manifest.lock */,
				85DF535F209CD8EE00958667 /* Sources */,
				85DF5360209CD8EE00958667 /* Frameworks */,
				85DF5361209CD8EE00958667 /* Resources */,
			);
			buildRules = (
			);
			dependencies = (
				85DF5365209CD8EE00958667 /* PBXTargetDependency */,
			);
			name = WhalesAppIOSUITests;
			productName = WhalesAppIOSUITests;
			productReference = 85DF5363209CD8EE00958667 /* WhalesAppIOSUITests.xctest */;
			productType = "com.apple.product-type.bundle.ui-testing";
		};
/* End PBXNativeTarget section */

/* Begin PBXProject section */
		85DF533C209CD8EC00958667 /* Project object */ = {
			isa = PBXProject;
			attributes = {
				LastSwiftUpdateCheck = 0930;
				LastUpgradeCheck = 0930;
				ORGANIZATIONNAME = "Pedro Ribeiro";
				TargetAttributes = {
					85DF5343209CD8EC00958667 = {
						CreatedOnToolsVersion = 9.3;
					};
					85DF5357209CD8EE00958667 = {
						CreatedOnToolsVersion = 9.3;
						TestTargetID = 85DF5343209CD8EC00958667;
					};
					85DF5362209CD8EE00958667 = {
						CreatedOnToolsVersion = 9.3;
						TestTargetID = 85DF5343209CD8EC00958667;
					};
				};
			};
			buildConfigurationList = 85DF533F209CD8EC00958667 /* Build configuration list for PBXProject "WhalesAppIOS" */;
			compatibilityVersion = "Xcode 9.3";
			developmentRegion = en;
			hasScannedForEncodings = 0;
			knownRegions = (
				en,
				Base,
			);
			mainGroup = 85DF533B209CD8EC00958667;
			productRefGroup = 85DF5345209CD8EC00958667 /* Products */;
			projectDirPath = "";
			projectRoot = "";
			targets = (
				85DF5343209CD8EC00958667 /* WhalesAppIOS */,
				85DF5357209CD8EE00958667 /* WhalesAppIOSTests */,
				85DF5362209CD8EE00958667 /* WhalesAppIOSUITests */,
			);
		};
/* End PBXProject section */

/* Begin PBXResourcesBuildPhase section */
		85DF5342209CD8EC00958667 /* Resources */ = {
			isa = PBXResourcesBuildPhase;
			buildActionMask = 2147483647;
			files = (
				85DF5352209CD8ED00958667 /* LaunchScreen.storyboard in Resources */,
				85DF534F209CD8ED00958667 /* Assets.xcassets in Resources */,
				85DF534D209CD8EC00958667 /* Main.storyboard in Resources */,
			);
			runOnlyForDeploymentPostprocessing = 0;
		};
		85DF5356209CD8EE00958667 /* Resources */ = {
			isa = PBXResourcesBuildPhase;
			buildActionMask = 2147483647;
			files = (
			);
			runOnlyForDeploymentPostprocessing = 0;
		};
		85DF5361209CD8EE00958667 /* Resources */ = {
			isa = PBXResourcesBuildPhase;
			buildActionMask = 2147483647;
			files = (
			);
			runOnlyForDeploymentPostprocessing = 0;
		};
/* End PBXResourcesBuildPhase section */

/* Begin PBXShellScriptBuildPhase section */
		17084F58387E06BAF0D1E6F0 /* [CP] Check Pods Manifest.lock */ = {
			isa = PBXShellScriptBuildPhase;
			buildActionMask = 2147483647;
			files = (
			);
			inputPaths = (
				"${PODS_PODFILE_DIR_PATH}/Podfile.lock",
				"${PODS_ROOT}/Manifest.lock",
			);
			name = "[CP] Check Pods Manifest.lock";
			outputPaths = (
				"$(DERIVED_FILE_DIR)/Pods-WhalesAppIOSUITests-checkManifestLockResult.txt",
			);
			runOnlyForDeploymentPostprocessing = 0;
			shellPath = /bin/sh;
			shellScript = "diff \"${PODS_PODFILE_DIR_PATH}/Podfile.lock\" \"${PODS_ROOT}/Manifest.lock\" > /dev/null\nif [ $? != 0 ] ; then\n    # print error to STDERR\n    echo \"error: The sandbox is not in sync with the Podfile.lock. Run 'pod install' or update your CocoaPods installation.\" >&2\n    exit 1\nfi\n# This output is used by Xcode 'outputs' to avoid re-running this script phase.\necho \"SUCCESS\" > \"${SCRIPT_OUTPUT_FILE_0}\"\n";
			showEnvVarsInLog = 0;
		};
		5753DB532A28DB6EECE4B982 /* [CP] Embed Pods Frameworks */ = {
			isa = PBXShellScriptBuildPhase;
			buildActionMask = 2147483647;
			files = (
			);
			inputPaths = (
				"${SRCROOT}/Pods/Target Support Files/Pods-WhalesAppIOS/Pods-WhalesAppIOS-frameworks.sh",
				"${BUILT_PRODUCTS_DIR}/Alamofire/Alamofire.framework",
				"${BUILT_PRODUCTS_DIR}/Charts/Charts.framework",
				"${BUILT_PRODUCTS_DIR}/SwiftyJSON/SwiftyJSON.framework",
			);
			name = "[CP] Embed Pods Frameworks";
			outputPaths = (
				"${TARGET_BUILD_DIR}/${FRAMEWORKS_FOLDER_PATH}/Alamofire.framework",
				"${TARGET_BUILD_DIR}/${FRAMEWORKS_FOLDER_PATH}/Charts.framework",
				"${TARGET_BUILD_DIR}/${FRAMEWORKS_FOLDER_PATH}/SwiftyJSON.framework",
			);
			runOnlyForDeploymentPostprocessing = 0;
			shellPath = /bin/sh;
			shellScript = "\"${SRCROOT}/Pods/Target Support Files/Pods-WhalesAppIOS/Pods-WhalesAppIOS-frameworks.sh\"\n";
			showEnvVarsInLog = 0;
		};
		7E720A1DD68E61AAB9C0A455 /* [CP] Check Pods Manifest.lock */ = {
			isa = PBXShellScriptBuildPhase;
			buildActionMask = 2147483647;
			files = (
			);
			inputPaths = (
				"${PODS_PODFILE_DIR_PATH}/Podfile.lock",
				"${PODS_ROOT}/Manifest.lock",
			);
			name = "[CP] Check Pods Manifest.lock";
			outputPaths = (
				"$(DERIVED_FILE_DIR)/Pods-WhalesAppIOS-checkManifestLockResult.txt",
			);
			runOnlyForDeploymentPostprocessing = 0;
			shellPath = /bin/sh;
			shellScript = "diff \"${PODS_PODFILE_DIR_PATH}/Podfile.lock\" \"${PODS_ROOT}/Manifest.lock\" > /dev/null\nif [ $? != 0 ] ; then\n    # print error to STDERR\n    echo \"error: The sandbox is not in sync with the Podfile.lock. Run 'pod install' or update your CocoaPods installation.\" >&2\n    exit 1\nfi\n# This output is used by Xcode 'outputs' to avoid re-running this script phase.\necho \"SUCCESS\" > \"${SCRIPT_OUTPUT_FILE_0}\"\n";
			showEnvVarsInLog = 0;
		};
		DF9947BE8886C4043013FE84 /* [CP] Check Pods Manifest.lock */ = {
			isa = PBXShellScriptBuildPhase;
			buildActionMask = 2147483647;
			files = (
			);
			inputPaths = (
				"${PODS_PODFILE_DIR_PATH}/Podfile.lock",
				"${PODS_ROOT}/Manifest.lock",
			);
			name = "[CP] Check Pods Manifest.lock";
			outputPaths = (
				"$(DERIVED_FILE_DIR)/Pods-WhalesAppIOSTests-checkManifestLockResult.txt",
			);
			runOnlyForDeploymentPostprocessing = 0;
			shellPath = /bin/sh;
			shellScript = "diff \"${PODS_PODFILE_DIR_PATH}/Podfile.lock\" \"${PODS_ROOT}/Manifest.lock\" > /dev/null\nif [ $? != 0 ] ; then\n    # print error to STDERR\n    echo \"error: The sandbox is not in sync with the Podfile.lock. Run 'pod install' or update your CocoaPods installation.\" >&2\n    exit 1\nfi\n# This output is used by Xcode 'outputs' to avoid re-running this script phase.\necho \"SUCCESS\" > \"${SCRIPT_OUTPUT_FILE_0}\"\n";
			showEnvVarsInLog = 0;
		};
/* End PBXShellScriptBuildPhase section */

/* Begin PBXSourcesBuildPhase section */
		85DF5340209CD8EC00958667 /* Sources */ = {
			isa = PBXSourcesBuildPhase;
			buildActionMask = 2147483647;
			files = (
				85DF534A209CD8EC00958667 /* MainScreenViewController.swift in Sources */,
				85E9A0E6209D017D00D04393 /* Extensions.swift in Sources */,
				855E9564209E3931005E3060 /* DateValueFormatter.swift in Sources */,
				85DADA07209CE20E0068ADD4 /* ConnectionToServer.swift in Sources */,
				85DF5348209CD8EC00958667 /* AppDelegate.swift in Sources */,
				85E9A0EA209E140400D04393 /* ExploreDataViewController.swift in Sources */,
				85DADA09209CEDA30068ADD4 /* DbConnection.swift in Sources */,
				85E9A0E8209D33B100D04393 /* Errors.swift in Sources */,
			);
			runOnlyForDeploymentPostprocessing = 0;
		};
		85DF5354209CD8EE00958667 /* Sources */ = {
			isa = PBXSourcesBuildPhase;
			buildActionMask = 2147483647;
			files = (
				85DF535D209CD8EE00958667 /* WhalesAppIOSTests.swift in Sources */,
			);
			runOnlyForDeploymentPostprocessing = 0;
		};
		85DF535F209CD8EE00958667 /* Sources */ = {
			isa = PBXSourcesBuildPhase;
			buildActionMask = 2147483647;
			files = (
				85DF5368209CD8EE00958667 /* WhalesAppIOSUITests.swift in Sources */,
			);
			runOnlyForDeploymentPostprocessing = 0;
		};
/* End PBXSourcesBuildPhase section */

/* Begin PBXTargetDependency section */
		85DF535A209CD8EE00958667 /* PBXTargetDependency */ = {
			isa = PBXTargetDependency;
			target = 85DF5343209CD8EC00958667 /* WhalesAppIOS */;
			targetProxy = 85DF5359209CD8EE00958667 /* PBXContainerItemProxy */;
		};
		85DF5365209CD8EE00958667 /* PBXTargetDependency */ = {
			isa = PBXTargetDependency;
			target = 85DF5343209CD8EC00958667 /* WhalesAppIOS */;
			targetProxy = 85DF5364209CD8EE00958667 /* PBXContainerItemProxy */;
		};
/* End PBXTargetDependency section */

/* Begin PBXVariantGroup section */
		85DF534B209CD8EC00958667 /* Main.storyboard */ = {
			isa = PBXVariantGroup;
			children = (
				85DF534C209CD8EC00958667 /* Base */,
			);
			name = Main.storyboard;
			sourceTree = "<group>";
		};
		85DF5350209CD8ED00958667 /* LaunchScreen.storyboard */ = {
			isa = PBXVariantGroup;
			children = (
				85DF5351209CD8ED00958667 /* Base */,
			);
			name = LaunchScreen.storyboard;
			sourceTree = "<group>";
		};
/* End PBXVariantGroup section */

/* Begin XCBuildConfiguration section */
		85DF536A209CD8EE00958667 /* Debug */ = {
			isa = XCBuildConfiguration;
			buildSettings = {
				ALWAYS_SEARCH_USER_PATHS = NO;
				CLANG_ANALYZER_NONNULL = YES;
				CLANG_ANALYZER_NUMBER_OBJECT_CONVERSION = YES_AGGRESSIVE;
				CLANG_CXX_LANGUAGE_STANDARD = "gnu++14";
				CLANG_CXX_LIBRARY = "libc++";
				CLANG_ENABLE_MODULES = YES;
				CLANG_ENABLE_OBJC_ARC = YES;
				CLANG_ENABLE_OBJC_WEAK = YES;
				CLANG_WARN_BLOCK_CAPTURE_AUTORELEASING = YES;
				CLANG_WARN_BOOL_CONVERSION = YES;
				CLANG_WARN_COMMA = YES;
				CLANG_WARN_CONSTANT_CONVERSION = YES;
				CLANG_WARN_DEPRECATED_OBJC_IMPLEMENTATIONS = YES;
				CLANG_WARN_DIRECT_OBJC_ISA_USAGE = YES_ERROR;
				CLANG_WARN_DOCUMENTATION_COMMENTS = YES;
				CLANG_WARN_EMPTY_BODY = YES;
				CLANG_WARN_ENUM_CONVERSION = YES;
				CLANG_WARN_INFINITE_RECURSION = YES;
				CLANG_WARN_INT_CONVERSION = YES;
				CLANG_WARN_NON_LITERAL_NULL_CONVERSION = YES;
				CLANG_WARN_OBJC_IMPLICIT_RETAIN_SELF = YES;
				CLANG_WARN_OBJC_LITERAL_CONVERSION = YES;
				CLANG_WARN_OBJC_ROOT_CLASS = YES_ERROR;
				CLANG_WARN_RANGE_LOOP_ANALYSIS = YES;
				CLANG_WARN_STRICT_PROTOTYPES = YES;
				CLANG_WARN_SUSPICIOUS_MOVE = YES;
				CLANG_WARN_UNGUARDED_AVAILABILITY = YES_AGGRESSIVE;
				CLANG_WARN_UNREACHABLE_CODE = YES;
				CLANG_WARN__DUPLICATE_METHOD_MATCH = YES;
				CODE_SIGN_IDENTITY = "iPhone Developer";
				COPY_PHASE_STRIP = NO;
				DEBUG_INFORMATION_FORMAT = dwarf;
				ENABLE_STRICT_OBJC_MSGSEND = YES;
				ENABLE_TESTABILITY = YES;
				GCC_C_LANGUAGE_STANDARD = gnu11;
				GCC_DYNAMIC_NO_PIC = NO;
				GCC_NO_COMMON_BLOCKS = YES;
				GCC_OPTIMIZATION_LEVEL = 0;
				GCC_PREPROCESSOR_DEFINITIONS = (
					"DEBUG=1",
					"$(inherited)",
				);
				GCC_WARN_64_TO_32_BIT_CONVERSION = YES;
				GCC_WARN_ABOUT_RETURN_TYPE = YES_ERROR;
				GCC_WARN_UNDECLARED_SELECTOR = YES;
				GCC_WARN_UNINITIALIZED_AUTOS = YES_AGGRESSIVE;
				GCC_WARN_UNUSED_FUNCTION = YES;
				GCC_WARN_UNUSED_VARIABLE = YES;
				IPHONEOS_DEPLOYMENT_TARGET = 11.3;
				MTL_ENABLE_DEBUG_INFO = YES;
				ONLY_ACTIVE_ARCH = YES;
				SDKROOT = iphoneos;
				SWIFT_ACTIVE_COMPILATION_CONDITIONS = DEBUG;
				SWIFT_OPTIMIZATION_LEVEL = "-Onone";
			};
			name = Debug;
		};
		85DF536B209CD8EE00958667 /* Release */ = {
			isa = XCBuildConfiguration;
			buildSettings = {
				ALWAYS_SEARCH_USER_PATHS = NO;
				CLANG_ANALYZER_NONNULL = YES;
				CLANG_ANALYZER_NUMBER_OBJECT_CONVERSION = YES_AGGRESSIVE;
				CLANG_CXX_LANGUAGE_STANDARD = "gnu++14";
				CLANG_CXX_LIBRARY = "libc++";
				CLANG_ENABLE_MODULES = YES;
				CLANG_ENABLE_OBJC_ARC = YES;
				CLANG_ENABLE_OBJC_WEAK = YES;
				CLANG_WARN_BLOCK_CAPTURE_AUTORELEASING = YES;
				CLANG_WARN_BOOL_CONVERSION = YES;
				CLANG_WARN_COMMA = YES;
				CLANG_WARN_CONSTANT_CONVERSION = YES;
				CLANG_WARN_DEPRECATED_OBJC_IMPLEMENTATIONS = YES;
				CLANG_WARN_DIRECT_OBJC_ISA_USAGE = YES_ERROR;
				CLANG_WARN_DOCUMENTATION_COMMENTS = YES;
				CLANG_WARN_EMPTY_BODY = YES;
				CLANG_WARN_ENUM_CONVERSION = YES;
				CLANG_WARN_INFINITE_RECURSION = YES;
				CLANG_WARN_INT_CONVERSION = YES;
				CLANG_WARN_NON_LITERAL_NULL_CONVERSION = YES;
				CLANG_WARN_OBJC_IMPLICIT_RETAIN_SELF = YES;
				CLANG_WARN_OBJC_LITERAL_CONVERSION = YES;
				CLANG_WARN_OBJC_ROOT_CLASS = YES_ERROR;
				CLANG_WARN_RANGE_LOOP_ANALYSIS = YES;
				CLANG_WARN_STRICT_PROTOTYPES = YES;
				CLANG_WARN_SUSPICIOUS_MOVE = YES;
				CLANG_WARN_UNGUARDED_AVAILABILITY = YES_AGGRESSIVE;
				CLANG_WARN_UNREACHABLE_CODE = YES;
				CLANG_WARN__DUPLICATE_METHOD_MATCH = YES;
				CODE_SIGN_IDENTITY = "iPhone Developer";
				COPY_PHASE_STRIP = NO;
				DEBUG_INFORMATION_FORMAT = "dwarf-with-dsym";
				ENABLE_NS_ASSERTIONS = NO;
				ENABLE_STRICT_OBJC_MSGSEND = YES;
				GCC_C_LANGUAGE_STANDARD = gnu11;
				GCC_NO_COMMON_BLOCKS = YES;
				GCC_WARN_64_TO_32_BIT_CONVERSION = YES;
				GCC_WARN_ABOUT_RETURN_TYPE = YES_ERROR;
				GCC_WARN_UNDECLARED_SELECTOR = YES;
				GCC_WARN_UNINITIALIZED_AUTOS = YES_AGGRESSIVE;
				GCC_WARN_UNUSED_FUNCTION = YES;
				GCC_WARN_UNUSED_VARIABLE = YES;
				IPHONEOS_DEPLOYMENT_TARGET = 11.3;
				MTL_ENABLE_DEBUG_INFO = NO;
				SDKROOT = iphoneos;
				SWIFT_COMPILATION_MODE = wholemodule;
				SWIFT_OPTIMIZATION_LEVEL = "-O";
				VALIDATE_PRODUCT = YES;
			};
			name = Release;
		};
		85DF536D209CD8EE00958667 /* Debug */ = {
			isa = XCBuildConfiguration;
			baseConfigurationReference = FB23FCEC49EBF19522B9E916 /* Pods-WhalesAppIOS.debug.xcconfig */;
			buildSettings = {
				ASSETCATALOG_COMPILER_APPICON_NAME = AppIcon;
				CODE_SIGN_STYLE = Automatic;
				DEVELOPMENT_TEAM = KRVJK6VXPD;
				INFOPLIST_FILE = WhalesAppIOS/Info.plist;
				LD_RUNPATH_SEARCH_PATHS = (
					"$(inherited)",
					"@executable_path/Frameworks",
				);
				PRODUCT_BUNDLE_IDENTIFIER = pedro.WhalesAppIOS;
				PRODUCT_NAME = "$(TARGET_NAME)";
				SWIFT_VERSION = 4.0;
				TARGETED_DEVICE_FAMILY = "1,2";
			};
			name = Debug;
		};
		85DF536E209CD8EE00958667 /* Release */ = {
			isa = XCBuildConfiguration;
			baseConfigurationReference = A12AEE01B3546F4B9825B101 /* Pods-WhalesAppIOS.release.xcconfig */;
			buildSettings = {
				ASSETCATALOG_COMPILER_APPICON_NAME = AppIcon;
				CODE_SIGN_STYLE = Automatic;
				DEVELOPMENT_TEAM = KRVJK6VXPD;
				INFOPLIST_FILE = WhalesAppIOS/Info.plist;
				LD_RUNPATH_SEARCH_PATHS = (
					"$(inherited)",
					"@executable_path/Frameworks",
				);
				PRODUCT_BUNDLE_IDENTIFIER = pedro.WhalesAppIOS;
				PRODUCT_NAME = "$(TARGET_NAME)";
				SWIFT_VERSION = 4.0;
				TARGETED_DEVICE_FAMILY = "1,2";
			};
			name = Release;
		};
		85DF5370209CD8EE00958667 /* Debug */ = {
			isa = XCBuildConfiguration;
			baseConfigurationReference = 96E106027A590110C4C2A8F5 /* Pods-WhalesAppIOSTests.debug.xcconfig */;
			buildSettings = {
				ALWAYS_EMBED_SWIFT_STANDARD_LIBRARIES = YES;
				BUNDLE_LOADER = "$(TEST_HOST)";
				CODE_SIGN_STYLE = Automatic;
				DEVELOPMENT_TEAM = KRVJK6VXPD;
				INFOPLIST_FILE = WhalesAppIOSTests/Info.plist;
				LD_RUNPATH_SEARCH_PATHS = (
					"$(inherited)",
					"@executable_path/Frameworks",
					"@loader_path/Frameworks",
				);
				PRODUCT_BUNDLE_IDENTIFIER = pedro.WhalesAppIOSTests;
				PRODUCT_NAME = "$(TARGET_NAME)";
				SWIFT_VERSION = 4.0;
				TARGETED_DEVICE_FAMILY = "1,2";
				TEST_HOST = "$(BUILT_PRODUCTS_DIR)/WhalesAppIOS.app/WhalesAppIOS";
			};
			name = Debug;
		};
		85DF5371209CD8EE00958667 /* Release */ = {
			isa = XCBuildConfiguration;
			baseConfigurationReference = 0429A34364A46DD7E31D8D93 /* Pods-WhalesAppIOSTests.release.xcconfig */;
			buildSettings = {
				ALWAYS_EMBED_SWIFT_STANDARD_LIBRARIES = YES;
				BUNDLE_LOADER = "$(TEST_HOST)";
				CODE_SIGN_STYLE = Automatic;
				DEVELOPMENT_TEAM = KRVJK6VXPD;
				INFOPLIST_FILE = WhalesAppIOSTests/Info.plist;
				LD_RUNPATH_SEARCH_PATHS = (
					"$(inherited)",
					"@executable_path/Frameworks",
					"@loader_path/Frameworks",
				);
				PRODUCT_BUNDLE_IDENTIFIER = pedro.WhalesAppIOSTests;
				PRODUCT_NAME = "$(TARGET_NAME)";
				SWIFT_VERSION = 4.0;
				TARGETED_DEVICE_FAMILY = "1,2";
				TEST_HOST = "$(BUILT_PRODUCTS_DIR)/WhalesAppIOS.app/WhalesAppIOS";
			};
			name = Release;
		};
		85DF5373209CD8EE00958667 /* Debug */ = {
			isa = XCBuildConfiguration;
			baseConfigurationReference = 9A94B9C1F89CD65AEE9072AD /* Pods-WhalesAppIOSUITests.debug.xcconfig */;
			buildSettings = {
				ALWAYS_EMBED_SWIFT_STANDARD_LIBRARIES = YES;
				CODE_SIGN_STYLE = Automatic;
				DEVELOPMENT_TEAM = KRVJK6VXPD;
				INFOPLIST_FILE = WhalesAppIOSUITests/Info.plist;
				LD_RUNPATH_SEARCH_PATHS = (
					"$(inherited)",
					"@executable_path/Frameworks",
					"@loader_path/Frameworks",
				);
				PRODUCT_BUNDLE_IDENTIFIER = pedro.WhalesAppIOSUITests;
				PRODUCT_NAME = "$(TARGET_NAME)";
				SWIFT_VERSION = 4.0;
				TARGETED_DEVICE_FAMILY = "1,2";
				TEST_TARGET_NAME = WhalesAppIOS;
			};
			name = Debug;
		};
		85DF5374209CD8EE00958667 /* Release */ = {
			isa = XCBuildConfiguration;
			baseConfigurationReference = AFEB976EC1EA62604961A362 /* Pods-WhalesAppIOSUITests.release.xcconfig */;
			buildSettings = {
				ALWAYS_EMBED_SWIFT_STANDARD_LIBRARIES = YES;
				CODE_SIGN_STYLE = Automatic;
				DEVELOPMENT_TEAM = KRVJK6VXPD;
				INFOPLIST_FILE = WhalesAppIOSUITests/Info.plist;
				LD_RUNPATH_SEARCH_PATHS = (
					"$(inherited)",
					"@executable_path/Frameworks",
					"@loader_path/Frameworks",
				);
				PRODUCT_BUNDLE_IDENTIFIER = pedro.WhalesAppIOSUITests;
				PRODUCT_NAME = "$(TARGET_NAME)";
				SWIFT_VERSION = 4.0;
				TARGETED_DEVICE_FAMILY = "1,2";
				TEST_TARGET_NAME = WhalesAppIOS;
			};
			name = Release;
		};
/* End XCBuildConfiguration section */

/* Begin XCConfigurationList section */
		85DF533F209CD8EC00958667 /* Build configuration list for PBXProject "WhalesAppIOS" */ = {
			isa = XCConfigurationList;
			buildConfigurations = (
				85DF536A209CD8EE00958667 /* Debug */,
				85DF536B209CD8EE00958667 /* Release */,
			);
			defaultConfigurationIsVisible = 0;
			defaultConfigurationName = Release;
		};
		85DF536C209CD8EE00958667 /* Build configuration list for PBXNativeTarget "WhalesAppIOS" */ = {
			isa = XCConfigurationList;
			buildConfigurations = (
				85DF536D209CD8EE00958667 /* Debug */,
				85DF536E209CD8EE00958667 /* Release */,
			);
			defaultConfigurationIsVisible = 0;
			defaultConfigurationName = Release;
		};
		85DF536F209CD8EE00958667 /* Build configuration list for PBXNativeTarget "WhalesAppIOSTests" */ = {
			isa = XCConfigurationList;
			buildConfigurations = (
				85DF5370209CD8EE00958667 /* Debug */,
				85DF5371209CD8EE00958667 /* Release */,
			);
			defaultConfigurationIsVisible = 0;
			defaultConfigurationName = Release;
		};
		85DF5372209CD8EE00958667 /* Build configuration list for PBXNativeTarget "WhalesAppIOSUITests" */ = {
			isa = XCConfigurationList;
			buildConfigurations = (
				85DF5373209CD8EE00958667 /* Debug */,
				85DF5374209CD8EE00958667 /* Release */,
			);
			defaultConfigurationIsVisible = 0;
			defaultConfigurationName = Release;
		};
/* End XCConfigurationList section */
	};
	rootObject = 85DF533C209CD8EC00958667 /* Project object */;
}
